
Microsoft Visual Studio Solution File, Format Version 12.00
# Visual Studio Version 17
VisualStudioVersion = 17.9.34607.119
MinimumVisualStudioVersion = 10.0.40219.1
Project("{FAE04EC0-301F-11D3-BF4B-00C04F79EFBC}") = "LinqToSolr", "LinqToSolr\LinqToSolr.csproj", "{678BBA86-BC83-4A33-A368-EEE17371D7AA}"
EndProject
Project("{FAE04EC0-301F-11D3-BF4B-00C04F79EFBC}") = "LinqToSolr.Tests", "LinqToSolr.Tests\LinqToSolr.Tests.csproj", "{3FEE2A9D-D07A-43F7-B1BE-E0C61AABF21C}"
EndProject
Global
	GlobalSection(SolutionConfigurationPlatforms) = preSolution
		Debug|Any CPU = Debug|Any CPU
		Release|Any CPU = Release|Any CPU
	EndGlobalSection
	GlobalSection(ProjectConfigurationPlatforms) = postSolution
		{678BBA86-BC83-4A33-A368-EEE17371D7AA}.Debug|Any CPU.ActiveCfg = Debug|Any CPU
		{678BBA86-BC83-4A33-A368-EEE17371D7AA}.Debug|Any CPU.Build.0 = Debug|Any CPU
		{678BBA86-BC83-4A33-A368-EEE17371D7AA}.Release|Any CPU.ActiveCfg = Release|Any CPU
		{678BBA86-BC83-4A33-A368-EEE17371D7AA}.Release|Any CPU.Build.0 = Release|Any CPU
		{3FEE2A9D-D07A-43F7-B1BE-E0C61AABF21C}.Debug|Any CPU.ActiveCfg = Debug|Any CPU
		{3FEE2A9D-D07A-43F7-B1BE-E0C61AABF21C}.Debug|Any CPU.Build.0 = Debug|Any CPU
		{3FEE2A9D-D07A-43F7-B1BE-E0C61AABF21C}.Release|Any CPU.ActiveCfg = Release|Any CPU
		{3FEE2A9D-D07A-43F7-B1BE-E0C61AABF21C}.Release|Any CPU.Build.0 = Release|Any CPU
	EndGlobalSection
	GlobalSection(SolutionProperties) = preSolution
		HideSolutionNode = FALSE
	EndGlobalSection
	GlobalSection(ExtensibilityGlobals) = postSolution
		SolutionGuid = {B8DE7DD3-3A07-423B-A828-E15D26AB7546}
	EndGlobalSection
EndGlobal
