
Microsoft Visual Studio Solution File, Format Version 12.00
# Visual Studio 15
VisualStudioVersion = 15.0.26228.13
MinimumVisualStudioVersion = 10.0.40219.1
Project("{9A19103F-16F7-4668-BE54-9A1E7A4F7556}") = "LinqToSolr", "LinqToSolr.csproj", "{19E399EA-8724-444D-ACEC-276E2157838E}"
EndProject
Project("{9A19103F-16F7-4668-BE54-9A1E7A4F7556}") = "LinqToSolr.Tests", "..\LinqToSolr.Tests\LinqToSolr.Tests.csproj", "{6FEA0D7B-508C-464E-AD02-B136B2EAB78E}"
EndProject
Global
	GlobalSection(SolutionConfigurationPlatforms) = preSolution
		Ad-Hoc|Any CPU = Ad-Hoc|Any CPU
		Ad-Hoc|ARM = Ad-Hoc|ARM
		Ad-Hoc|iPhone = Ad-Hoc|iPhone
		Ad-Hoc|iPhoneSimulator = Ad-Hoc|iPhoneSimulator
		Ad-Hoc|x64 = Ad-Hoc|x64
		Ad-Hoc|x86 = Ad-Hoc|x86
		AppStore|Any CPU = AppStore|Any CPU
		AppStore|ARM = AppStore|ARM
		AppStore|iPhone = AppStore|iPhone
		AppStore|iPhoneSimulator = AppStore|iPhoneSimulator
		AppStore|x64 = AppStore|x64
		AppStore|x86 = AppStore|x86
		Debug|Any CPU = Debug|Any CPU
		Debug|ARM = Debug|ARM
		Debug|iPhone = Debug|iPhone
		Debug|iPhoneSimulator = Debug|iPhoneSimulator
		Debug|x64 = Debug|x64
		Debug|x86 = Debug|x86
		Release|Any CPU = Release|Any CPU
		Release|ARM = Release|ARM
		Release|iPhone = Release|iPhone
		Release|iPhoneSimulator = Release|iPhoneSimulator
		Release|x64 = Release|x64
		Release|x86 = Release|x86
	EndGlobalSection
	GlobalSection(ProjectConfigurationPlatforms) = postSolution
		{19E399EA-8724-444D-ACEC-276E2157838E}.Ad-Hoc|Any CPU.ActiveCfg = Release|Any CPU
		{19E399EA-8724-444D-ACEC-276E2157838E}.Ad-Hoc|Any CPU.Build.0 = Release|Any CPU
		{19E399EA-8724-444D-ACEC-276E2157838E}.Ad-Hoc|ARM.ActiveCfg = Release|Any CPU
		{19E399EA-8724-444D-ACEC-276E2157838E}.Ad-Hoc|ARM.Build.0 = Release|Any CPU
		{19E399EA-8724-444D-ACEC-276E2157838E}.Ad-Hoc|iPhone.ActiveCfg = Release|Any CPU
		{19E399EA-8724-444D-ACEC-276E2157838E}.Ad-Hoc|iPhone.Build.0 = Release|Any CPU
		{19E399EA-8724-444D-ACEC-276E2157838E}.Ad-Hoc|iPhoneSimulator.ActiveCfg = Release|Any CPU
		{19E399EA-8724-444D-ACEC-276E2157838E}.Ad-Hoc|iPhoneSimulator.Build.0 = Release|Any CPU
		{19E399EA-8724-444D-ACEC-276E2157838E}.Ad-Hoc|x64.ActiveCfg = Release|Any CPU
		{19E399EA-8724-444D-ACEC-276E2157838E}.Ad-Hoc|x64.Build.0 = Release|Any CPU
		{19E399EA-8724-444D-ACEC-276E2157838E}.Ad-Hoc|x86.ActiveCfg = Release|Any CPU
		{19E399EA-8724-444D-ACEC-276E2157838E}.Ad-Hoc|x86.Build.0 = Release|Any CPU
		{19E399EA-8724-444D-ACEC-276E2157838E}.AppStore|Any CPU.ActiveCfg = Release|Any CPU
		{19E399EA-8724-444D-ACEC-276E2157838E}.AppStore|Any CPU.Build.0 = Release|Any CPU
		{19E399EA-8724-444D-ACEC-276E2157838E}.AppStore|ARM.ActiveCfg = Release|Any CPU
		{19E399EA-8724-444D-ACEC-276E2157838E}.AppStore|ARM.Build.0 = Release|Any CPU
		{19E399EA-8724-444D-ACEC-276E2157838E}.AppStore|iPhone.ActiveCfg = Release|Any CPU
		{19E399EA-8724-444D-ACEC-276E2157838E}.AppStore|iPhone.Build.0 = Release|Any CPU
		{19E399EA-8724-444D-ACEC-276E2157838E}.AppStore|iPhoneSimulator.ActiveCfg = Release|Any CPU
		{19E399EA-8724-444D-ACEC-276E2157838E}.AppStore|iPhoneSimulator.Build.0 = Release|Any CPU
		{19E399EA-8724-444D-ACEC-276E2157838E}.AppStore|x64.ActiveCfg = Release|Any CPU
		{19E399EA-8724-444D-ACEC-276E2157838E}.AppStore|x64.Build.0 = Release|Any CPU
		{19E399EA-8724-444D-ACEC-276E2157838E}.AppStore|x86.ActiveCfg = Release|Any CPU
		{19E399EA-8724-444D-ACEC-276E2157838E}.AppStore|x86.Build.0 = Release|Any CPU
		{19E399EA-8724-444D-ACEC-276E2157838E}.Debug|Any CPU.ActiveCfg = Debug|Any CPU
		{19E399EA-8724-444D-ACEC-276E2157838E}.Debug|Any CPU.Build.0 = Debug|Any CPU
		{19E399EA-8724-444D-ACEC-276E2157838E}.Debug|ARM.ActiveCfg = Debug|Any CPU
		{19E399EA-8724-444D-ACEC-276E2157838E}.Debug|ARM.Build.0 = Debug|Any CPU
		{19E399EA-8724-444D-ACEC-276E2157838E}.Debug|iPhone.ActiveCfg = Debug|Any CPU
		{19E399EA-8724-444D-ACEC-276E2157838E}.Debug|iPhone.Build.0 = Debug|Any CPU
		{19E399EA-8724-444D-ACEC-276E2157838E}.Debug|iPhoneSimulator.ActiveCfg = Debug|Any CPU
		{19E399EA-8724-444D-ACEC-276E2157838E}.Debug|iPhoneSimulator.Build.0 = Debug|Any CPU
		{19E399EA-8724-444D-ACEC-276E2157838E}.Debug|x64.ActiveCfg = Debug|Any CPU
		{19E399EA-8724-444D-ACEC-276E2157838E}.Debug|x64.Build.0 = Debug|Any CPU
		{19E399EA-8724-444D-ACEC-276E2157838E}.Debug|x86.ActiveCfg = Debug|Any CPU
		{19E399EA-8724-444D-ACEC-276E2157838E}.Debug|x86.Build.0 = Debug|Any CPU
		{19E399EA-8724-444D-ACEC-276E2157838E}.Release|Any CPU.ActiveCfg = Release|Any CPU
		{19E399EA-8724-444D-ACEC-276E2157838E}.Release|Any CPU.Build.0 = Release|Any CPU
		{19E399EA-8724-444D-ACEC-276E2157838E}.Release|ARM.ActiveCfg = Release|Any CPU
		{19E399EA-8724-444D-ACEC-276E2157838E}.Release|ARM.Build.0 = Release|Any CPU
		{19E399EA-8724-444D-ACEC-276E2157838E}.Release|iPhone.ActiveCfg = Release|Any CPU
		{19E399EA-8724-444D-ACEC-276E2157838E}.Release|iPhone.Build.0 = Release|Any CPU
		{19E399EA-8724-444D-ACEC-276E2157838E}.Release|iPhoneSimulator.ActiveCfg = Release|Any CPU
		{19E399EA-8724-444D-ACEC-276E2157838E}.Release|iPhoneSimulator.Build.0 = Release|Any CPU
		{19E399EA-8724-444D-ACEC-276E2157838E}.Release|x64.ActiveCfg = Release|Any CPU
		{19E399EA-8724-444D-ACEC-276E2157838E}.Release|x64.Build.0 = Release|Any CPU
		{19E399EA-8724-444D-ACEC-276E2157838E}.Release|x86.ActiveCfg = Release|Any CPU
		{19E399EA-8724-444D-ACEC-276E2157838E}.Release|x86.Build.0 = Release|Any CPU
		{6FEA0D7B-508C-464E-AD02-B136B2EAB78E}.Ad-Hoc|Any CPU.ActiveCfg = Release|Any CPU
		{6FEA0D7B-508C-464E-AD02-B136B2EAB78E}.Ad-Hoc|Any CPU.Build.0 = Release|Any CPU
		{6FEA0D7B-508C-464E-AD02-B136B2EAB78E}.Ad-Hoc|ARM.ActiveCfg = Release|Any CPU
		{6FEA0D7B-508C-464E-AD02-B136B2EAB78E}.Ad-Hoc|ARM.Build.0 = Release|Any CPU
		{6FEA0D7B-508C-464E-AD02-B136B2EAB78E}.Ad-Hoc|iPhone.ActiveCfg = Release|Any CPU
		{6FEA0D7B-508C-464E-AD02-B136B2EAB78E}.Ad-Hoc|iPhone.Build.0 = Release|Any CPU
		{6FEA0D7B-508C-464E-AD02-B136B2EAB78E}.Ad-Hoc|iPhoneSimulator.ActiveCfg = Release|Any CPU
		{6FEA0D7B-508C-464E-AD02-B136B2EAB78E}.Ad-Hoc|iPhoneSimulator.Build.0 = Release|Any CPU
		{6FEA0D7B-508C-464E-AD02-B136B2EAB78E}.Ad-Hoc|x64.ActiveCfg = Release|Any CPU
		{6FEA0D7B-508C-464E-AD02-B136B2EAB78E}.Ad-Hoc|x64.Build.0 = Release|Any CPU
		{6FEA0D7B-508C-464E-AD02-B136B2EAB78E}.Ad-Hoc|x86.ActiveCfg = Release|Any CPU
		{6FEA0D7B-508C-464E-AD02-B136B2EAB78E}.Ad-Hoc|x86.Build.0 = Release|Any CPU
		{6FEA0D7B-508C-464E-AD02-B136B2EAB78E}.AppStore|Any CPU.ActiveCfg = Release|Any CPU
		{6FEA0D7B-508C-464E-AD02-B136B2EAB78E}.AppStore|Any CPU.Build.0 = Release|Any CPU
		{6FEA0D7B-508C-464E-AD02-B136B2EAB78E}.AppStore|ARM.ActiveCfg = Release|Any CPU
		{6FEA0D7B-508C-464E-AD02-B136B2EAB78E}.AppStore|ARM.Build.0 = Release|Any CPU
		{6FEA0D7B-508C-464E-AD02-B136B2EAB78E}.AppStore|iPhone.ActiveCfg = Release|Any CPU
		{6FEA0D7B-508C-464E-AD02-B136B2EAB78E}.AppStore|iPhone.Build.0 = Release|Any CPU
		{6FEA0D7B-508C-464E-AD02-B136B2EAB78E}.AppStore|iPhoneSimulator.ActiveCfg = Release|Any CPU
		{6FEA0D7B-508C-464E-AD02-B136B2EAB78E}.AppStore|iPhoneSimulator.Build.0 = Release|Any CPU
		{6FEA0D7B-508C-464E-AD02-B136B2EAB78E}.AppStore|x64.ActiveCfg = Release|Any CPU
		{6FEA0D7B-508C-464E-AD02-B136B2EAB78E}.AppStore|x64.Build.0 = Release|Any CPU
		{6FEA0D7B-508C-464E-AD02-B136B2EAB78E}.AppStore|x86.ActiveCfg = Release|Any CPU
		{6FEA0D7B-508C-464E-AD02-B136B2EAB78E}.AppStore|x86.Build.0 = Release|Any CPU
		{6FEA0D7B-508C-464E-AD02-B136B2EAB78E}.Debug|Any CPU.ActiveCfg = Debug|Any CPU
		{6FEA0D7B-508C-464E-AD02-B136B2EAB78E}.Debug|ARM.ActiveCfg = Debug|Any CPU
		{6FEA0D7B-508C-464E-AD02-B136B2EAB78E}.Debug|ARM.Build.0 = Debug|Any CPU
		{6FEA0D7B-508C-464E-AD02-B136B2EAB78E}.Debug|iPhone.ActiveCfg = Debug|Any CPU
		{6FEA0D7B-508C-464E-AD02-B136B2EAB78E}.Debug|iPhone.Build.0 = Debug|Any CPU
		{6FEA0D7B-508C-464E-AD02-B136B2EAB78E}.Debug|iPhoneSimulator.ActiveCfg = Debug|Any CPU
		{6FEA0D7B-508C-464E-AD02-B136B2EAB78E}.Debug|iPhoneSimulator.Build.0 = Debug|Any CPU
		{6FEA0D7B-508C-464E-AD02-B136B2EAB78E}.Debug|x64.ActiveCfg = Debug|Any CPU
		{6FEA0D7B-508C-464E-AD02-B136B2EAB78E}.Debug|x64.Build.0 = Debug|Any CPU
		{6FEA0D7B-508C-464E-AD02-B136B2EAB78E}.Debug|x86.ActiveCfg = Debug|Any CPU
		{6FEA0D7B-508C-464E-AD02-B136B2EAB78E}.Debug|x86.Build.0 = Debug|Any CPU
		{6FEA0D7B-508C-464E-AD02-B136B2EAB78E}.Release|Any CPU.ActiveCfg = Release|Any CPU
		{6FEA0D7B-508C-464E-AD02-B136B2EAB78E}.Release|Any CPU.Build.0 = Release|Any CPU
		{6FEA0D7B-508C-464E-AD02-B136B2EAB78E}.Release|ARM.ActiveCfg = Release|Any CPU
		{6FEA0D7B-508C-464E-AD02-B136B2EAB78E}.Release|ARM.Build.0 = Release|Any CPU
		{6FEA0D7B-508C-464E-AD02-B136B2EAB78E}.Release|iPhone.ActiveCfg = Release|Any CPU
		{6FEA0D7B-508C-464E-AD02-B136B2EAB78E}.Release|iPhone.Build.0 = Release|Any CPU
		{6FEA0D7B-508C-464E-AD02-B136B2EAB78E}.Release|iPhoneSimulator.ActiveCfg = Release|Any CPU
		{6FEA0D7B-508C-464E-AD02-B136B2EAB78E}.Release|iPhoneSimulator.Build.0 = Release|Any CPU
		{6FEA0D7B-508C-464E-AD02-B136B2EAB78E}.Release|x64.ActiveCfg = Release|Any CPU
		{6FEA0D7B-508C-464E-AD02-B136B2EAB78E}.Release|x64.Build.0 = Release|Any CPU
		{6FEA0D7B-508C-464E-AD02-B136B2EAB78E}.Release|x86.ActiveCfg = Release|Any CPU
		{6FEA0D7B-508C-464E-AD02-B136B2EAB78E}.Release|x86.Build.0 = Release|Any CPU
	EndGlobalSection
	GlobalSection(SolutionProperties) = preSolution
		HideSolutionNode = FALSE
	EndGlobalSection
EndGlobal
