
Microsoft Visual Studio Solution File, Format Version 12.00
# Visual Studio 14
VisualStudioVersion = 14.0.25420.1
MinimumVisualStudioVersion = 10.0.40219.1
Project("{FAE04EC0-301F-11D3-BF4B-00C04F79EFBC}") = "LinqToSolr", "LinqToSolr.csproj", "{19E399EA-8724-444D-ACEC-276E2157838E}"
EndProject
Global
	GlobalSection(SolutionConfigurationPlatforms) = preSolution
		Debug|Any CPU = Debug|Any CPU
		Release-Net4|Any CPU = Release-Net4|Any CPU
		Release-Net45|Any CPU = Release-Net45|Any CPU
		Release-Net461|Any CPU = Release-Net461|Any CPU
	EndGlobalSection
	GlobalSection(ProjectConfigurationPlatforms) = postSolution
		{19E399EA-8724-444D-ACEC-276E2157838E}.Debug|Any CPU.ActiveCfg = Debug|Any CPU
		{19E399EA-8724-444D-ACEC-276E2157838E}.Debug|Any CPU.Build.0 = Debug|Any CPU
		{19E399EA-8724-444D-ACEC-276E2157838E}.Release-Net4|Any CPU.ActiveCfg = Release-Net4|Any CPU
		{19E399EA-8724-444D-ACEC-276E2157838E}.Release-Net4|Any CPU.Build.0 = Release-Net4|Any CPU
		{19E399EA-8724-444D-ACEC-276E2157838E}.Release-Net45|Any CPU.ActiveCfg = Release-Net45|Any CPU
		{19E399EA-8724-444D-ACEC-276E2157838E}.Release-Net45|Any CPU.Build.0 = Release-Net45|Any CPU
		{19E399EA-8724-444D-ACEC-276E2157838E}.Release-Net461|Any CPU.ActiveCfg = Release-Net461|Any CPU
		{19E399EA-8724-444D-ACEC-276E2157838E}.Release-Net461|Any CPU.Build.0 = Release-Net461|Any CPU
	EndGlobalSection
	GlobalSection(SolutionProperties) = preSolution
		HideSolutionNode = FALSE
	EndGlobalSection
EndGlobal
